// !$*UTF8*$!
{
	archiveVersion = 1;
	classes = {
	};
	objectVersion = 50;
	objects = {

/* Begin PBXBuildFile section */
		89836DF920D579EB00BB1EA6 /* AppDelegate.swift in Sources */ = {isa = PBXBuildFile; fileRef = 89836DF820D579EB00BB1EA6 /* AppDelegate.swift */; };
		89836DFB20D579EB00BB1EA6 /* ViewController.swift in Sources */ = {isa = PBXBuildFile; fileRef = 89836DFA20D579EB00BB1EA6 /* ViewController.swift */; };
		89836DFD20D579EC00BB1EA6 /* Assets.xcassets in Resources */ = {isa = PBXBuildFile; fileRef = 89836DFC20D579EC00BB1EA6 /* Assets.xcassets */; };
		89836E0020D579EC00BB1EA6 /* Main.storyboard in Resources */ = {isa = PBXBuildFile; fileRef = 89836DFE20D579EC00BB1EA6 /* Main.storyboard */; };
		89836E1120D58DBF00BB1EA6 /* PrefsViewController.swift in Sources */ = {isa = PBXBuildFile; fileRef = 89836E1020D58DBF00BB1EA6 /* PrefsViewController.swift */; };
		89836E1620D5969900BB1EA6 /* EggTimer.swift in Sources */ = {isa = PBXBuildFile; fileRef = 89836E1520D5969900BB1EA6 /* EggTimer.swift */; };
		89B74B1220D5AA14008C3C4F /* Preferences.swift in Sources */ = {isa = PBXBuildFile; fileRef = 89B74B1120D5AA14008C3C4F /* Preferences.swift */; };
		89B74B1420D5B19D008C3C4F /* ding.mp3 in Resources */ = {isa = PBXBuildFile; fileRef = 89B74B1320D5B19D008C3C4F /* ding.mp3 */; };
/* End PBXBuildFile section */

/* Begin PBXFileReference section */
		89836DF520D579EB00BB1EA6 /* EggTimer.app */ = {isa = PBXFileReference; explicitFileType = wrapper.application; includeInIndex = 0; path = EggTimer.app; sourceTree = BUILT_PRODUCTS_DIR; };
		89836DF820D579EB00BB1EA6 /* AppDelegate.swift */ = {isa = PBXFileReference; lastKnownFileType = sourcecode.swift; path = AppDelegate.swift; sourceTree = "<group>"; };
		89836DFA20D579EB00BB1EA6 /* ViewController.swift */ = {isa = PBXFileReference; lastKnownFileType = sourcecode.swift; path = ViewController.swift; sourceTree = "<group>"; };
		89836DFC20D579EC00BB1EA6 /* Assets.xcassets */ = {isa = PBXFileReference; lastKnownFileType = folder.assetcatalog; path = Assets.xcassets; sourceTree = "<group>"; };
		89836DFF20D579EC00BB1EA6 /* Base */ = {isa = PBXFileReference; lastKnownFileType = file.storyboard; name = Base; path = Base.lproj/Main.storyboard; sourceTree = "<group>"; };
		89836E0120D579EC00BB1EA6 /* Info.plist */ = {isa = PBXFileReference; lastKnownFileType = text.plist.xml; path = Info.plist; sourceTree = "<group>"; };
		89836E0220D579EC00BB1EA6 /* EggTimer.entitlements */ = {isa = PBXFileReference; lastKnownFileType = text.plist.entitlements; path = EggTimer.entitlements; sourceTree = "<group>"; };
		89836E1020D58DBF00BB1EA6 /* PrefsViewController.swift */ = {isa = PBXFileReference; lastKnownFileType = sourcecode.swift; path = PrefsViewController.swift; sourceTree = "<group>"; };
		89836E1520D5969900BB1EA6 /* EggTimer.swift */ = {isa = PBXFileReference; lastKnownFileType = sourcecode.swift; path = EggTimer.swift; sourceTree = "<group>"; };
		89B74B1120D5AA14008C3C4F /* Preferences.swift */ = {isa = PBXFileReference; lastKnownFileType = sourcecode.swift; path = Preferences.swift; sourceTree = "<group>"; };
		89B74B1320D5B19D008C3C4F /* ding.mp3 */ = {isa = PBXFileReference; lastKnownFileType = audio.mp3; path = ding.mp3; sourceTree = "<group>"; };
/* End PBXFileReference section */

/* Begin PBXFrameworksBuildPhase section */
		89836DF220D579EB00BB1EA6 /* Frameworks */ = {
			isa = PBXFrameworksBuildPhase;
			buildActionMask = 2147483647;
			files = (
			);
			runOnlyForDeploymentPostprocessing = 0;
		};
/* End PBXFrameworksBuildPhase section */

/* Begin PBXGroup section */
		89836DEC20D579EB00BB1EA6 = {
			isa = PBXGroup;
			children = (
				89836DF720D579EB00BB1EA6 /* EggTimer */,
				89836DF620D579EB00BB1EA6 /* Products */,
			);
			sourceTree = "<group>";
		};
		89836DF620D579EB00BB1EA6 /* Products */ = {
			isa = PBXGroup;
			children = (
				89836DF520D579EB00BB1EA6 /* EggTimer.app */,
			);
			name = Products;
			sourceTree = "<group>";
		};
		89836DF720D579EB00BB1EA6 /* EggTimer */ = {
			isa = PBXGroup;
			children = (
				89836DF820D579EB00BB1EA6 /* AppDelegate.swift */,
				89836E1220D5957F00BB1EA6 /* View Controllers */,
				89836E1320D595A800BB1EA6 /* Model */,
				89836DFC20D579EC00BB1EA6 /* Assets.xcassets */,
				89836DFE20D579EC00BB1EA6 /* Main.storyboard */,
				89B74B1320D5B19D008C3C4F /* ding.mp3 */,
				89836E1420D595CD00BB1EA6 /* Supporting Files */,
			);
			path = EggTimer;
			sourceTree = "<group>";
		};
		89836E1220D5957F00BB1EA6 /* View Controllers */ = {
			isa = PBXGroup;
			children = (
				89836DFA20D579EB00BB1EA6 /* ViewController.swift */,
				89836E1020D58DBF00BB1EA6 /* PrefsViewController.swift */,
			);
			path = "View Controllers";
			sourceTree = "<group>";
		};
		89836E1320D595A800BB1EA6 /* Model */ = {
			isa = PBXGroup;
			children = (
				89836E1520D5969900BB1EA6 /* EggTimer.swift */,
				89B74B1120D5AA14008C3C4F /* Preferences.swift */,
			);
			path = Model;
			sourceTree = "<group>";
		};
		89836E1420D595CD00BB1EA6 /* Supporting Files */ = {
			isa = PBXGroup;
			children = (
				89836E0120D579EC00BB1EA6 /* Info.plist */,
				89836E0220D579EC00BB1EA6 /* EggTimer.entitlements */,
			);
			path = "Supporting Files";
			sourceTree = "<group>";
		};
/* End PBXGroup section */

/* Begin PBXNativeTarget section */
		89836DF420D579EB00BB1EA6 /* EggTimer */ = {
			isa = PBXNativeTarget;
			buildConfigurationList = 89836E0520D579EC00BB1EA6 /* Build configuration list for PBXNativeTarget "EggTimer" */;
			buildPhases = (
				89836DF120D579EB00BB1EA6 /* Sources */,
				89836DF220D579EB00BB1EA6 /* Frameworks */,
				89836DF320D579EB00BB1EA6 /* Resources */,
			);
			buildRules = (
			);
			dependencies = (
			);
			name = EggTimer;
			productName = EggTimer;
			productReference = 89836DF520D579EB00BB1EA6 /* EggTimer.app */;
			productType = "com.apple.product-type.application";
		};
/* End PBXNativeTarget section */

/* Begin PBXProject section */
		89836DED20D579EB00BB1EA6 /* Project object */ = {
			isa = PBXProject;
			attributes = {
				LastSwiftUpdateCheck = 0940;
				LastUpgradeCheck = 0940;
				ORGANIZATIONNAME = CodeOfSid;
				TargetAttributes = {
					89836DF420D579EB00BB1EA6 = {
						CreatedOnToolsVersion = 9.4.1;
					};
				};
			};
			buildConfigurationList = 89836DF020D579EB00BB1EA6 /* Build configuration list for PBXProject "EggTimer" */;
			compatibilityVersion = "Xcode 9.3";
			developmentRegion = en;
			hasScannedForEncodings = 0;
			knownRegions = (
				en,
				Base,
			);
			mainGroup = 89836DEC20D579EB00BB1EA6;
			productRefGroup = 89836DF620D579EB00BB1EA6 /* Products */;
			projectDirPath = "";
			projectRoot = "";
			targets = (
				89836DF420D579EB00BB1EA6 /* EggTimer */,
			);
		};
/* End PBXProject section */

/* Begin PBXResourcesBuildPhase section */
		89836DF320D579EB00BB1EA6 /* Resources */ = {
			isa = PBXResourcesBuildPhase;
			buildActionMask = 2147483647;
			files = (
				89836DFD20D579EC00BB1EA6 /* Assets.xcassets in Resources */,
				89836E0020D579EC00BB1EA6 /* Main.storyboard in Resources */,
				89B74B1420D5B19D008C3C4F /* ding.mp3 in Resources */,
			);
			runOnlyForDeploymentPostprocessing = 0;
		};
/* End PBXResourcesBuildPhase section */

/* Begin PBXSourcesBuildPhase section */
		89836DF120D579EB00BB1EA6 /* Sources */ = {
			isa = PBXSourcesBuildPhase;
			buildActionMask = 2147483647;
			files = (
				89836DFB20D579EB00BB1EA6 /* ViewController.swift in Sources */,
				89836E1620D5969900BB1EA6 /* EggTimer.swift in Sources */,
				89B74B1220D5AA14008C3C4F /* Preferences.swift in Sources */,
				89836E1120D58DBF00BB1EA6 /* PrefsViewController.swift in Sources */,
				89836DF920D579EB00BB1EA6 /* AppDelegate.swift in Sources */,
			);
			runOnlyForDeploymentPostprocessing = 0;
		};
/* End PBXSourcesBuildPhase section */

/* Begin PBXVariantGroup section */
		89836DFE20D579EC00BB1EA6 /* Main.storyboard */ = {
			isa = PBXVariantGroup;
			children = (
				89836DFF20D579EC00BB1EA6 /* Base */,
			);
			name = Main.storyboard;
			sourceTree = "<group>";
		};
/* End PBXVariantGroup section */

/* Begin XCBuildConfiguration section */
		89836E0320D579EC00BB1EA6 /* Debug */ = {
			isa = XCBuildConfiguration;
			buildSettings = {
				ALWAYS_SEARCH_USER_PATHS = NO;
				CLANG_ANALYZER_NONNULL = YES;
				CLANG_ANALYZER_NUMBER_OBJECT_CONVERSION = YES_AGGRESSIVE;
				CLANG_CXX_LANGUAGE_STANDARD = "gnu++14";
				CLANG_CXX_LIBRARY = "libc++";
				CLANG_ENABLE_MODULES = YES;
				CLANG_ENABLE_OBJC_ARC = YES;
				CLANG_ENABLE_OBJC_WEAK = YES;
				CLANG_WARN_BLOCK_CAPTURE_AUTORELEASING = YES;
				CLANG_WARN_BOOL_CONVERSION = YES;
				CLANG_WARN_COMMA = YES;
				CLANG_WARN_CONSTANT_CONVERSION = YES;
				CLANG_WARN_DEPRECATED_OBJC_IMPLEMENTATIONS = YES;
				CLANG_WARN_DIRECT_OBJC_ISA_USAGE = YES_ERROR;
				CLANG_WARN_DOCUMENTATION_COMMENTS = YES;
				CLANG_WARN_EMPTY_BODY = YES;
				CLANG_WARN_ENUM_CONVERSION = YES;
				CLANG_WARN_INFINITE_RECURSION = YES;
				CLANG_WARN_INT_CONVERSION = YES;
				CLANG_WARN_NON_LITERAL_NULL_CONVERSION = YES;
				CLANG_WARN_OBJC_IMPLICIT_RETAIN_SELF = YES;
				CLANG_WARN_OBJC_LITERAL_CONVERSION = YES;
				CLANG_WARN_OBJC_ROOT_CLASS = YES_ERROR;
				CLANG_WARN_RANGE_LOOP_ANALYSIS = YES;
				CLANG_WARN_STRICT_PROTOTYPES = YES;
				CLANG_WARN_SUSPICIOUS_MOVE = YES;
				CLANG_WARN_UNGUARDED_AVAILABILITY = YES_AGGRESSIVE;
				CLANG_WARN_UNREACHABLE_CODE = YES;
				CLANG_WARN__DUPLICATE_METHOD_MATCH = YES;
				CODE_SIGN_IDENTITY = "Mac Developer";
				COPY_PHASE_STRIP = NO;
				DEBUG_INFORMATION_FORMAT = dwarf;
				ENABLE_STRICT_OBJC_MSGSEND = YES;
				ENABLE_TESTABILITY = YES;
				GCC_C_LANGUAGE_STANDARD = gnu11;
				GCC_DYNAMIC_NO_PIC = NO;
				GCC_NO_COMMON_BLOCKS = YES;
				GCC_OPTIMIZATION_LEVEL = 0;
				GCC_PREPROCESSOR_DEFINITIONS = (
					"DEBUG=1",
					"$(inherited)",
				);
				GCC_WARN_64_TO_32_BIT_CONVERSION = YES;
				GCC_WARN_ABOUT_RETURN_TYPE = YES_ERROR;
				GCC_WARN_UNDECLARED_SELECTOR = YES;
				GCC_WARN_UNINITIALIZED_AUTOS = YES_AGGRESSIVE;
				GCC_WARN_UNUSED_FUNCTION = YES;
				GCC_WARN_UNUSED_VARIABLE = YES;
				MACOSX_DEPLOYMENT_TARGET = 10.13;
				MTL_ENABLE_DEBUG_INFO = YES;
				ONLY_ACTIVE_ARCH = YES;
				SDKROOT = macosx;
				SWIFT_ACTIVE_COMPILATION_CONDITIONS = DEBUG;
				SWIFT_OPTIMIZATION_LEVEL = "-Onone";
			};
			name = Debug;
		};
		89836E0420D579EC00BB1EA6 /* Release */ = {
			isa = XCBuildConfiguration;
			buildSettings = {
				ALWAYS_SEARCH_USER_PATHS = NO;
				CLANG_ANALYZER_NONNULL = YES;
				CLANG_ANALYZER_NUMBER_OBJECT_CONVERSION = YES_AGGRESSIVE;
				CLANG_CXX_LANGUAGE_STANDARD = "gnu++14";
				CLANG_CXX_LIBRARY = "libc++";
				CLANG_ENABLE_MODULES = YES;
				CLANG_ENABLE_OBJC_ARC = YES;
				CLANG_ENABLE_OBJC_WEAK = YES;
				CLANG_WARN_BLOCK_CAPTURE_AUTORELEASING = YES;
				CLANG_WARN_BOOL_CONVERSION = YES;
				CLANG_WARN_COMMA = YES;
				CLANG_WARN_CONSTANT_CONVERSION = YES;
				CLANG_WARN_DEPRECATED_OBJC_IMPLEMENTATIONS = YES;
				CLANG_WARN_DIRECT_OBJC_ISA_USAGE = YES_ERROR;
				CLANG_WARN_DOCUMENTATION_COMMENTS = YES;
				CLANG_WARN_EMPTY_BODY = YES;
				CLANG_WARN_ENUM_CONVERSION = YES;
				CLANG_WARN_INFINITE_RECURSION = YES;
				CLANG_WARN_INT_CONVERSION = YES;
				CLANG_WARN_NON_LITERAL_NULL_CONVERSION = YES;
				CLANG_WARN_OBJC_IMPLICIT_RETAIN_SELF = YES;
				CLANG_WARN_OBJC_LITERAL_CONVERSION = YES;
				CLANG_WARN_OBJC_ROOT_CLASS = YES_ERROR;
				CLANG_WARN_RANGE_LOOP_ANALYSIS = YES;
				CLANG_WARN_STRICT_PROTOTYPES = YES;
				CLANG_WARN_SUSPICIOUS_MOVE = YES;
				CLANG_WARN_UNGUARDED_AVAILABILITY = YES_AGGRESSIVE;
				CLANG_WARN_UNREACHABLE_CODE = YES;
				CLANG_WARN__DUPLICATE_METHOD_MATCH = YES;
				CODE_SIGN_IDENTITY = "Mac Developer";
				COPY_PHASE_STRIP = NO;
				DEBUG_INFORMATION_FORMAT = "dwarf-with-dsym";
				ENABLE_NS_ASSERTIONS = NO;
				ENABLE_STRICT_OBJC_MSGSEND = YES;
				GCC_C_LANGUAGE_STANDARD = gnu11;
				GCC_NO_COMMON_BLOCKS = YES;
				GCC_WARN_64_TO_32_BIT_CONVERSION = YES;
				GCC_WARN_ABOUT_RETURN_TYPE = YES_ERROR;
				GCC_WARN_UNDECLARED_SELECTOR = YES;
				GCC_WARN_UNINITIALIZED_AUTOS = YES_AGGRESSIVE;
				GCC_WARN_UNUSED_FUNCTION = YES;
				GCC_WARN_UNUSED_VARIABLE = YES;
				MACOSX_DEPLOYMENT_TARGET = 10.13;
				MTL_ENABLE_DEBUG_INFO = NO;
				SDKROOT = macosx;
				SWIFT_COMPILATION_MODE = wholemodule;
				SWIFT_OPTIMIZATION_LEVEL = "-O";
			};
			name = Release;
		};
		89836E0620D579EC00BB1EA6 /* Debug */ = {
			isa = XCBuildConfiguration;
			buildSettings = {
				ASSETCATALOG_COMPILER_APPICON_NAME = AppIcon;
				CODE_SIGN_ENTITLEMENTS = "EggTimer/Supporting Files/EggTimer.entitlements";
				CODE_SIGN_STYLE = Automatic;
				COMBINE_HIDPI_IMAGES = YES;
				DEVELOPMENT_TEAM = PJKQL22AH5;
				INFOPLIST_FILE = "EggTimer/Supporting Files/Info.plist";
				LD_RUNPATH_SEARCH_PATHS = (
					"$(inherited)",
					"@executable_path/../Frameworks",
				);
				PRODUCT_BUNDLE_IDENTIFIER = com.codeofsid.EggTimer;
				PRODUCT_NAME = "$(TARGET_NAME)";
				SWIFT_VERSION = 4.0;
			};
			name = Debug;
		};
		89836E0720D579EC00BB1EA6 /* Release */ = {
			isa = XCBuildConfiguration;
			buildSettings = {
				ASSETCATALOG_COMPILER_APPICON_NAME = AppIcon;
				CODE_SIGN_ENTITLEMENTS = "EggTimer/Supporting Files/EggTimer.entitlements";
				CODE_SIGN_STYLE = Automatic;
				COMBINE_HIDPI_IMAGES = YES;
				DEVELOPMENT_TEAM = PJKQL22AH5;
				INFOPLIST_FILE = "EggTimer/Supporting Files/Info.plist";
				LD_RUNPATH_SEARCH_PATHS = (
					"$(inherited)",
					"@executable_path/../Frameworks",
				);
				PRODUCT_BUNDLE_IDENTIFIER = com.codeofsid.EggTimer;
				PRODUCT_NAME = "$(TARGET_NAME)";
				SWIFT_VERSION = 4.0;
			};
			name = Release;
		};
/* End XCBuildConfiguration section */

/* Begin XCConfigurationList section */
		89836DF020D579EB00BB1EA6 /* Build configuration list for PBXProject "EggTimer" */ = {
			isa = XCConfigurationList;
			buildConfigurations = (
				89836E0320D579EC00BB1EA6 /* Debug */,
				89836E0420D579EC00BB1EA6 /* Release */,
			);
			defaultConfigurationIsVisible = 0;
			defaultConfigurationName = Release;
		};
		89836E0520D579EC00BB1EA6 /* Build configuration list for PBXNativeTarget "EggTimer" */ = {
			isa = XCConfigurationList;
			buildConfigurations = (
				89836E0620D579EC00BB1EA6 /* Debug */,
				89836E0720D579EC00BB1EA6 /* Release */,
			);
			defaultConfigurationIsVisible = 0;
			defaultConfigurationName = Release;
		};
/* End XCConfigurationList section */
	};
	rootObject = 89836DED20D579EB00BB1EA6 /* Project object */;
}
